
Microsoft Visual Studio Solution File, Format Version 12.00
# Visual Studio Version 17
VisualStudioVersion = 17.2.32630.192
MinimumVisualStudioVersion = 10.0.40219.1
Project("{FAE04EC0-301F-11D3-BF4B-00C04F79EFBC}") = "SingleResponsibilityPrinciple", "SingleResponsibilityPrinciple\SingleResponsibilityPrinciple.csproj", "{420DA99C-EF38-4924-8EC8-BAAE3EB96248}"
EndProject
Global
	GlobalSection(SolutionConfigurationPlatforms) = preSolution
		Debug|Any CPU = Debug|Any CPU
		Release|Any CPU = Release|Any CPU
	EndGlobalSection
	GlobalSection(ProjectConfigurationPlatforms) = postSolution
		{420DA99C-EF38-4924-8EC8-BAAE3EB96248}.Debug|Any CPU.ActiveCfg = Debug|Any CPU
		{420DA99C-EF38-4924-8EC8-BAAE3EB96248}.Debug|Any CPU.Build.0 = Debug|Any CPU
		{420DA99C-EF38-4924-8EC8-BAAE3EB96248}.Release|Any CPU.ActiveCfg = Release|Any CPU
		{420DA99C-EF38-4924-8EC8-BAAE3EB96248}.Release|Any CPU.Build.0 = Release|Any CPU
	EndGlobalSection
	GlobalSection(SolutionProperties) = preSolution
		HideSolutionNode = FALSE
	EndGlobalSection
	GlobalSection(ExtensibilityGlobals) = postSolution
		SolutionGuid = {19EF49C8-2906-4126-BAE0-E9AE788EA62A}
	EndGlobalSection
EndGlobal
